// !$*UTF8*$!
{
	archiveVersion = 1;
	classes = {
	};
	objectVersion = 48;
	objects = {

/* Begin PBXBuildFile section */
		BB401AA81FE8047A0057BB65 /* AppDelegate.swift in Sources */ = {isa = PBXBuildFile; fileRef = BB401AA71FE8047A0057BB65 /* AppDelegate.swift */; };
		BB401AAA1FE8047A0057BB65 /* ViewController.swift in Sources */ = {isa = PBXBuildFile; fileRef = BB401AA91FE8047A0057BB65 /* ViewController.swift */; };
		BB401AAD1FE8047A0057BB65 /* Main.storyboard in Resources */ = {isa = PBXBuildFile; fileRef = BB401AAB1FE8047A0057BB65 /* Main.storyboard */; };
		BB401AAF1FE8047A0057BB65 /* Assets.xcassets in Resources */ = {isa = PBXBuildFile; fileRef = BB401AAE1FE8047A0057BB65 /* Assets.xcassets */; };
		BB401AB21FE8047A0057BB65 /* LaunchScreen.storyboard in Resources */ = {isa = PBXBuildFile; fileRef = BB401AB01FE8047A0057BB65 /* LaunchScreen.storyboard */; };
		BB401ABD1FE8047B0057BB65 /* XcodeServerTestTests.swift in Sources */ = {isa = PBXBuildFile; fileRef = BB401ABC1FE8047B0057BB65 /* XcodeServerTestTests.swift */; };
		BB401AC81FE8047B0057BB65 /* XcodeServerTestUITests.swift in Sources */ = {isa = PBXBuildFile; fileRef = BB401AC71FE8047B0057BB65 /* XcodeServerTestUITests.swift */; };
/* End PBXBuildFile section */

/* Begin PBXContainerItemProxy section */
		BB401AB91FE8047B0057BB65 /* PBXContainerItemProxy */ = {
			isa = PBXContainerItemProxy;
			containerPortal = BB401A9C1FE8047A0057BB65 /* Project object */;
			proxyType = 1;
			remoteGlobalIDString = BB401AA31FE8047A0057BB65;
			remoteInfo = XcodeServerTest;
		};
		BB401AC41FE8047B0057BB65 /* PBXContainerItemProxy */ = {
			isa = PBXContainerItemProxy;
			containerPortal = BB401A9C1FE8047A0057BB65 /* Project object */;
			proxyType = 1;
			remoteGlobalIDString = BB401AA31FE8047A0057BB65;
			remoteInfo = XcodeServerTest;
		};
/* End PBXContainerItemProxy section */

/* Begin PBXFileReference section */
		BB401AA41FE8047A0057BB65 /* XcodeServerTest.app */ = {isa = PBXFileReference; explicitFileType = wrapper.application; includeInIndex = 0; path = XcodeServerTest.app; sourceTree = BUILT_PRODUCTS_DIR; };
		BB401AA71FE8047A0057BB65 /* AppDelegate.swift */ = {isa = PBXFileReference; lastKnownFileType = sourcecode.swift; path = AppDelegate.swift; sourceTree = "<group>"; };
		BB401AA91FE8047A0057BB65 /* ViewController.swift */ = {isa = PBXFileReference; lastKnownFileType = sourcecode.swift; path = ViewController.swift; sourceTree = "<group>"; };
		BB401AAC1FE8047A0057BB65 /* Base */ = {isa = PBXFileReference; lastKnownFileType = file.storyboard; name = Base; path = Base.lproj/Main.storyboard; sourceTree = "<group>"; };
		BB401AAE1FE8047A0057BB65 /* Assets.xcassets */ = {isa = PBXFileReference; lastKnownFileType = folder.assetcatalog; path = Assets.xcassets; sourceTree = "<group>"; };
		BB401AB11FE8047A0057BB65 /* Base */ = {isa = PBXFileReference; lastKnownFileType = file.storyboard; name = Base; path = Base.lproj/LaunchScreen.storyboard; sourceTree = "<group>"; };
		BB401AB31FE8047A0057BB65 /* Info.plist */ = {isa = PBXFileReference; lastKnownFileType = text.plist.xml; path = Info.plist; sourceTree = "<group>"; };
		BB401AB81FE8047B0057BB65 /* XcodeServerTestTests.xctest */ = {isa = PBXFileReference; explicitFileType = wrapper.cfbundle; includeInIndex = 0; path = XcodeServerTestTests.xctest; sourceTree = BUILT_PRODUCTS_DIR; };
		BB401ABC1FE8047B0057BB65 /* XcodeServerTestTests.swift */ = {isa = PBXFileReference; lastKnownFileType = sourcecode.swift; path = XcodeServerTestTests.swift; sourceTree = "<group>"; };
		BB401ABE1FE8047B0057BB65 /* Info.plist */ = {isa = PBXFileReference; lastKnownFileType = text.plist.xml; path = Info.plist; sourceTree = "<group>"; };
		BB401AC31FE8047B0057BB65 /* XcodeServerTestUITests.xctest */ = {isa = PBXFileReference; explicitFileType = wrapper.cfbundle; includeInIndex = 0; path = XcodeServerTestUITests.xctest; sourceTree = BUILT_PRODUCTS_DIR; };
		BB401AC71FE8047B0057BB65 /* XcodeServerTestUITests.swift */ = {isa = PBXFileReference; lastKnownFileType = sourcecode.swift; path = XcodeServerTestUITests.swift; sourceTree = "<group>"; };
		BB401AC91FE8047B0057BB65 /* Info.plist */ = {isa = PBXFileReference; lastKnownFileType = text.plist.xml; path = Info.plist; sourceTree = "<group>"; };
/* End PBXFileReference section */

/* Begin PBXFrameworksBuildPhase section */
		BB401AA11FE8047A0057BB65 /* Frameworks */ = {
			isa = PBXFrameworksBuildPhase;
			buildActionMask = 2147483647;
			files = (
			);
			runOnlyForDeploymentPostprocessing = 0;
		};
		BB401AB51FE8047B0057BB65 /* Frameworks */ = {
			isa = PBXFrameworksBuildPhase;
			buildActionMask = 2147483647;
			files = (
			);
			runOnlyForDeploymentPostprocessing = 0;
		};
		BB401AC01FE8047B0057BB65 /* Frameworks */ = {
			isa = PBXFrameworksBuildPhase;
			buildActionMask = 2147483647;
			files = (
			);
			runOnlyForDeploymentPostprocessing = 0;
		};
/* End PBXFrameworksBuildPhase section */

/* Begin PBXGroup section */
		BB401A9B1FE8047A0057BB65 = {
			isa = PBXGroup;
			children = (
				BB401AA61FE8047A0057BB65 /* XcodeServerTest */,
				BB401ABB1FE8047B0057BB65 /* XcodeServerTestTests */,
				BB401AC61FE8047B0057BB65 /* XcodeServerTestUITests */,
				BB401AA51FE8047A0057BB65 /* Products */,
			);
			sourceTree = "<group>";
		};
		BB401AA51FE8047A0057BB65 /* Products */ = {
			isa = PBXGroup;
			children = (
				BB401AA41FE8047A0057BB65 /* XcodeServerTest.app */,
				BB401AB81FE8047B0057BB65 /* XcodeServerTestTests.xctest */,
				BB401AC31FE8047B0057BB65 /* XcodeServerTestUITests.xctest */,
			);
			name = Products;
			sourceTree = "<group>";
		};
		BB401AA61FE8047A0057BB65 /* XcodeServerTest */ = {
			isa = PBXGroup;
			children = (
				BB401AA71FE8047A0057BB65 /* AppDelegate.swift */,
				BB401AA91FE8047A0057BB65 /* ViewController.swift */,
				BB401AAB1FE8047A0057BB65 /* Main.storyboard */,
				BB401AAE1FE8047A0057BB65 /* Assets.xcassets */,
				BB401AB01FE8047A0057BB65 /* LaunchScreen.storyboard */,
				BB401AB31FE8047A0057BB65 /* Info.plist */,
			);
			path = XcodeServerTest;
			sourceTree = "<group>";
		};
		BB401ABB1FE8047B0057BB65 /* XcodeServerTestTests */ = {
			isa = PBXGroup;
			children = (
				BB401ABC1FE8047B0057BB65 /* XcodeServerTestTests.swift */,
				BB401ABE1FE8047B0057BB65 /* Info.plist */,
			);
			path = XcodeServerTestTests;
			sourceTree = "<group>";
		};
		BB401AC61FE8047B0057BB65 /* XcodeServerTestUITests */ = {
			isa = PBXGroup;
			children = (
				BB401AC71FE8047B0057BB65 /* XcodeServerTestUITests.swift */,
				BB401AC91FE8047B0057BB65 /* Info.plist */,
			);
			path = XcodeServerTestUITests;
			sourceTree = "<group>";
		};
/* End PBXGroup section */

/* Begin PBXNativeTarget section */
		BB401AA31FE8047A0057BB65 /* XcodeServerTest */ = {
			isa = PBXNativeTarget;
			buildConfigurationList = BB401ACC1FE8047B0057BB65 /* Build configuration list for PBXNativeTarget "XcodeServerTest" */;
			buildPhases = (
				BB401AA01FE8047A0057BB65 /* Sources */,
				BB401AA11FE8047A0057BB65 /* Frameworks */,
				BB401AA21FE8047A0057BB65 /* Resources */,
			);
			buildRules = (
			);
			dependencies = (
			);
			name = XcodeServerTest;
			productName = XcodeServerTest;
			productReference = BB401AA41FE8047A0057BB65 /* XcodeServerTest.app */;
			productType = "com.apple.product-type.application";
		};
		BB401AB71FE8047B0057BB65 /* XcodeServerTestTests */ = {
			isa = PBXNativeTarget;
			buildConfigurationList = BB401ACF1FE8047B0057BB65 /* Build configuration list for PBXNativeTarget "XcodeServerTestTests" */;
			buildPhases = (
				BB401AB41FE8047B0057BB65 /* Sources */,
				BB401AB51FE8047B0057BB65 /* Frameworks */,
				BB401AB61FE8047B0057BB65 /* Resources */,
			);
			buildRules = (
			);
			dependencies = (
				BB401ABA1FE8047B0057BB65 /* PBXTargetDependency */,
			);
			name = XcodeServerTestTests;
			productName = XcodeServerTestTests;
			productReference = BB401AB81FE8047B0057BB65 /* XcodeServerTestTests.xctest */;
			productType = "com.apple.product-type.bundle.unit-test";
		};
		BB401AC21FE8047B0057BB65 /* XcodeServerTestUITests */ = {
			isa = PBXNativeTarget;
			buildConfigurationList = BB401AD21FE8047B0057BB65 /* Build configuration list for PBXNativeTarget "XcodeServerTestUITests" */;
			buildPhases = (
				BB401ABF1FE8047B0057BB65 /* Sources */,
				BB401AC01FE8047B0057BB65 /* Frameworks */,
				BB401AC11FE8047B0057BB65 /* Resources */,
			);
			buildRules = (
			);
			dependencies = (
				BB401AC51FE8047B0057BB65 /* PBXTargetDependency */,
			);
			name = XcodeServerTestUITests;
			productName = XcodeServerTestUITests;
			productReference = BB401AC31FE8047B0057BB65 /* XcodeServerTestUITests.xctest */;
			productType = "com.apple.product-type.bundle.ui-testing";
		};
/* End PBXNativeTarget section */

/* Begin PBXProject section */
		BB401A9C1FE8047A0057BB65 /* Project object */ = {
			isa = PBXProject;
			attributes = {
				LastSwiftUpdateCheck = 0910;
				LastUpgradeCheck = 0910;
				ORGANIZATIONNAME = "Alfred Choi";
				TargetAttributes = {
					BB401AA31FE8047A0057BB65 = {
						CreatedOnToolsVersion = 9.1;
						ProvisioningStyle = Automatic;
					};
					BB401AB71FE8047B0057BB65 = {
						CreatedOnToolsVersion = 9.1;
						ProvisioningStyle = Automatic;
						TestTargetID = BB401AA31FE8047A0057BB65;
					};
					BB401AC21FE8047B0057BB65 = {
						CreatedOnToolsVersion = 9.1;
						ProvisioningStyle = Automatic;
						TestTargetID = BB401AA31FE8047A0057BB65;
					};
				};
			};
			buildConfigurationList = BB401A9F1FE8047A0057BB65 /* Build configuration list for PBXProject "XcodeServerTest" */;
			compatibilityVersion = "Xcode 8.0";
			developmentRegion = en;
			hasScannedForEncodings = 0;
			knownRegions = (
				en,
				Base,
			);
			mainGroup = BB401A9B1FE8047A0057BB65;
			productRefGroup = BB401AA51FE8047A0057BB65 /* Products */;
			projectDirPath = "";
			projectRoot = "";
			targets = (
				BB401AA31FE8047A0057BB65 /* XcodeServerTest */,
				BB401AB71FE8047B0057BB65 /* XcodeServerTestTests */,
				BB401AC21FE8047B0057BB65 /* XcodeServerTestUITests */,
			);
		};
/* End PBXProject section */

/* Begin PBXResourcesBuildPhase section */
		BB401AA21FE8047A0057BB65 /* Resources */ = {
			isa = PBXResourcesBuildPhase;
			buildActionMask = 2147483647;
			files = (
				BB401AB21FE8047A0057BB65 /* LaunchScreen.storyboard in Resources */,
				BB401AAF1FE8047A0057BB65 /* Assets.xcassets in Resources */,
				BB401AAD1FE8047A0057BB65 /* Main.storyboard in Resources */,
			);
			runOnlyForDeploymentPostprocessing = 0;
		};
		BB401AB61FE8047B0057BB65 /* Resources */ = {
			isa = PBXResourcesBuildPhase;
			buildActionMask = 2147483647;
			files = (
			);
			runOnlyForDeploymentPostprocessing = 0;
		};
		BB401AC11FE8047B0057BB65 /* Resources */ = {
			isa = PBXResourcesBuildPhase;
			buildActionMask = 2147483647;
			files = (
			);
			runOnlyForDeploymentPostprocessing = 0;
		};
/* End PBXResourcesBuildPhase section */

/* Begin PBXSourcesBuildPhase section */
		BB401AA01FE8047A0057BB65 /* Sources */ = {
			isa = PBXSourcesBuildPhase;
			buildActionMask = 2147483647;
			files = (
				BB401AAA1FE8047A0057BB65 /* ViewController.swift in Sources */,
				BB401AA81FE8047A0057BB65 /* AppDelegate.swift in Sources */,
			);
			runOnlyForDeploymentPostprocessing = 0;
		};
		BB401AB41FE8047B0057BB65 /* Sources */ = {
			isa = PBXSourcesBuildPhase;
			buildActionMask = 2147483647;
			files = (
				BB401ABD1FE8047B0057BB65 /* XcodeServerTestTests.swift in Sources */,
			);
			runOnlyForDeploymentPostprocessing = 0;
		};
		BB401ABF1FE8047B0057BB65 /* Sources */ = {
			isa = PBXSourcesBuildPhase;
			buildActionMask = 2147483647;
			files = (
				BB401AC81FE8047B0057BB65 /* XcodeServerTestUITests.swift in Sources */,
			);
			runOnlyForDeploymentPostprocessing = 0;
		};
/* End PBXSourcesBuildPhase section */

/* Begin PBXTargetDependency section */
		BB401ABA1FE8047B0057BB65 /* PBXTargetDependency */ = {
			isa = PBXTargetDependency;
			target = BB401AA31FE8047A0057BB65 /* XcodeServerTest */;
			targetProxy = BB401AB91FE8047B0057BB65 /* PBXContainerItemProxy */;
		};
		BB401AC51FE8047B0057BB65 /* PBXTargetDependency */ = {
			isa = PBXTargetDependency;
			target = BB401AA31FE8047A0057BB65 /* XcodeServerTest */;
			targetProxy = BB401AC41FE8047B0057BB65 /* PBXContainerItemProxy */;
		};
/* End PBXTargetDependency section */

/* Begin PBXVariantGroup section */
		BB401AAB1FE8047A0057BB65 /* Main.storyboard */ = {
			isa = PBXVariantGroup;
			children = (
				BB401AAC1FE8047A0057BB65 /* Base */,
			);
			name = Main.storyboard;
			sourceTree = "<group>";
		};
		BB401AB01FE8047A0057BB65 /* LaunchScreen.storyboard */ = {
			isa = PBXVariantGroup;
			children = (
				BB401AB11FE8047A0057BB65 /* Base */,
			);
			name = LaunchScreen.storyboard;
			sourceTree = "<group>";
		};
/* End PBXVariantGroup section */

/* Begin XCBuildConfiguration section */
		BB401ACA1FE8047B0057BB65 /* Debug */ = {
			isa = XCBuildConfiguration;
			buildSettings = {
				ALWAYS_SEARCH_USER_PATHS = NO;
				CLANG_ANALYZER_NONNULL = YES;
				CLANG_ANALYZER_NUMBER_OBJECT_CONVERSION = YES_AGGRESSIVE;
				CLANG_CXX_LANGUAGE_STANDARD = "gnu++14";
				CLANG_CXX_LIBRARY = "libc++";
				CLANG_ENABLE_MODULES = YES;
				CLANG_ENABLE_OBJC_ARC = YES;
				CLANG_WARN_BLOCK_CAPTURE_AUTORELEASING = YES;
				CLANG_WARN_BOOL_CONVERSION = YES;
				CLANG_WARN_COMMA = YES;
				CLANG_WARN_CONSTANT_CONVERSION = YES;
				CLANG_WARN_DIRECT_OBJC_ISA_USAGE = YES_ERROR;
				CLANG_WARN_DOCUMENTATION_COMMENTS = YES;
				CLANG_WARN_EMPTY_BODY = YES;
				CLANG_WARN_ENUM_CONVERSION = YES;
				CLANG_WARN_INFINITE_RECURSION = YES;
				CLANG_WARN_INT_CONVERSION = YES;
				CLANG_WARN_NON_LITERAL_NULL_CONVERSION = YES;
				CLANG_WARN_OBJC_LITERAL_CONVERSION = YES;
				CLANG_WARN_OBJC_ROOT_CLASS = YES_ERROR;
				CLANG_WARN_RANGE_LOOP_ANALYSIS = YES;
				CLANG_WARN_STRICT_PROTOTYPES = YES;
				CLANG_WARN_SUSPICIOUS_MOVE = YES;
				CLANG_WARN_UNGUARDED_AVAILABILITY = YES_AGGRESSIVE;
				CLANG_WARN_UNREACHABLE_CODE = YES;
				CLANG_WARN__DUPLICATE_METHOD_MATCH = YES;
				CODE_SIGN_IDENTITY = "iPhone Developer";
				COPY_PHASE_STRIP = NO;
				DEBUG_INFORMATION_FORMAT = dwarf;
				ENABLE_STRICT_OBJC_MSGSEND = YES;
				ENABLE_TESTABILITY = YES;
				GCC_C_LANGUAGE_STANDARD = gnu11;
				GCC_DYNAMIC_NO_PIC = NO;
				GCC_NO_COMMON_BLOCKS = YES;
				GCC_OPTIMIZATION_LEVEL = 0;
				GCC_PREPROCESSOR_DEFINITIONS = (
					"DEBUG=1",
					"$(inherited)",
				);
				GCC_WARN_64_TO_32_BIT_CONVERSION = YES;
				GCC_WARN_ABOUT_RETURN_TYPE = YES_ERROR;
				GCC_WARN_UNDECLARED_SELECTOR = YES;
				GCC_WARN_UNINITIALIZED_AUTOS = YES_AGGRESSIVE;
				GCC_WARN_UNUSED_FUNCTION = YES;
				GCC_WARN_UNUSED_VARIABLE = YES;
				IPHONEOS_DEPLOYMENT_TARGET = 11.1;
				MTL_ENABLE_DEBUG_INFO = YES;
				ONLY_ACTIVE_ARCH = YES;
				SDKROOT = iphoneos;
				SWIFT_ACTIVE_COMPILATION_CONDITIONS = DEBUG;
				SWIFT_OPTIMIZATION_LEVEL = "-Onone";
			};
			name = Debug;
		};
		BB401ACB1FE8047B0057BB65 /* Release */ = {
			isa = XCBuildConfiguration;
			buildSettings = {
				ALWAYS_SEARCH_USER_PATHS = NO;
				CLANG_ANALYZER_NONNULL = YES;
				CLANG_ANALYZER_NUMBER_OBJECT_CONVERSION = YES_AGGRESSIVE;
				CLANG_CXX_LANGUAGE_STANDARD = "gnu++14";
				CLANG_CXX_LIBRARY = "libc++";
				CLANG_ENABLE_MODULES = YES;
				CLANG_ENABLE_OBJC_ARC = YES;
				CLANG_WARN_BLOCK_CAPTURE_AUTORELEASING = YES;
				CLANG_WARN_BOOL_CONVERSION = YES;
				CLANG_WARN_COMMA = YES;
				CLANG_WARN_CONSTANT_CONVERSION = YES;
				CLANG_WARN_DIRECT_OBJC_ISA_USAGE = YES_ERROR;
				CLANG_WARN_DOCUMENTATION_COMMENTS = YES;
				CLANG_WARN_EMPTY_BODY = YES;
				CLANG_WARN_ENUM_CONVERSION = YES;
				CLANG_WARN_INFINITE_RECURSION = YES;
				CLANG_WARN_INT_CONVERSION = YES;
				CLANG_WARN_NON_LITERAL_NULL_CONVERSION = YES;
				CLANG_WARN_OBJC_LITERAL_CONVERSION = YES;
				CLANG_WARN_OBJC_ROOT_CLASS = YES_ERROR;
				CLANG_WARN_RANGE_LOOP_ANALYSIS = YES;
				CLANG_WARN_STRICT_PROTOTYPES = YES;
				CLANG_WARN_SUSPICIOUS_MOVE = YES;
				CLANG_WARN_UNGUARDED_AVAILABILITY = YES_AGGRESSIVE;
				CLANG_WARN_UNREACHABLE_CODE = YES;
				CLANG_WARN__DUPLICATE_METHOD_MATCH = YES;
				CODE_SIGN_IDENTITY = "iPhone Developer";
				COPY_PHASE_STRIP = NO;
				DEBUG_INFORMATION_FORMAT = "dwarf-with-dsym";
				ENABLE_NS_ASSERTIONS = NO;
				ENABLE_STRICT_OBJC_MSGSEND = YES;
				GCC_C_LANGUAGE_STANDARD = gnu11;
				GCC_NO_COMMON_BLOCKS = YES;
				GCC_WARN_64_TO_32_BIT_CONVERSION = YES;
				GCC_WARN_ABOUT_RETURN_TYPE = YES_ERROR;
				GCC_WARN_UNDECLARED_SELECTOR = YES;
				GCC_WARN_UNINITIALIZED_AUTOS = YES_AGGRESSIVE;
				GCC_WARN_UNUSED_FUNCTION = YES;
				GCC_WARN_UNUSED_VARIABLE = YES;
				IPHONEOS_DEPLOYMENT_TARGET = 11.1;
				MTL_ENABLE_DEBUG_INFO = NO;
				SDKROOT = iphoneos;
				SWIFT_OPTIMIZATION_LEVEL = "-Owholemodule";
				VALIDATE_PRODUCT = YES;
			};
			name = Release;
		};
		BB401ACD1FE8047B0057BB65 /* Debug */ = {
			isa = XCBuildConfiguration;
			buildSettings = {
				ASSETCATALOG_COMPILER_APPICON_NAME = AppIcon;
				CODE_SIGN_STYLE = Automatic;
				INFOPLIST_FILE = XcodeServerTest/Info.plist;
				LD_RUNPATH_SEARCH_PATHS = "$(inherited) @executable_path/Frameworks";
				PRODUCT_BUNDLE_IDENTIFIER = com.alfredchoi.com.XcodeServerTest;
				PRODUCT_NAME = "$(TARGET_NAME)";
				SWIFT_VERSION = 4.0;
				TARGETED_DEVICE_FAMILY = "1,2";
			};
			name = Debug;
		};
		BB401ACE1FE8047B0057BB65 /* Release */ = {
			isa = XCBuildConfiguration;
			buildSettings = {
				ASSETCATALOG_COMPILER_APPICON_NAME = AppIcon;
				CODE_SIGN_STYLE = Automatic;
				INFOPLIST_FILE = XcodeServerTest/Info.plist;
				LD_RUNPATH_SEARCH_PATHS = "$(inherited) @executable_path/Frameworks";
				PRODUCT_BUNDLE_IDENTIFIER = com.alfredchoi.com.XcodeServerTest;
				PRODUCT_NAME = "$(TARGET_NAME)";
				SWIFT_VERSION = 4.0;
				TARGETED_DEVICE_FAMILY = "1,2";
			};
			name = Release;
		};
		BB401AD01FE8047B0057BB65 /* Debug */ = {
			isa = XCBuildConfiguration;
			buildSettings = {
				ALWAYS_EMBED_SWIFT_STANDARD_LIBRARIES = YES;
				BUNDLE_LOADER = "$(TEST_HOST)";
				CODE_SIGN_STYLE = Automatic;
				INFOPLIST_FILE = XcodeServerTestTests/Info.plist;
				LD_RUNPATH_SEARCH_PATHS = "$(inherited) @executable_path/Frameworks @loader_path/Frameworks";
				PRODUCT_BUNDLE_IDENTIFIER = com.alfredchoi.com.XcodeServerTestTests;
				PRODUCT_NAME = "$(TARGET_NAME)";
				SWIFT_VERSION = 4.0;
				TARGETED_DEVICE_FAMILY = "1,2";
				TEST_HOST = "$(BUILT_PRODUCTS_DIR)/XcodeServerTest.app/XcodeServerTest";
			};
			name = Debug;
		};
		BB401AD11FE8047B0057BB65 /* Release */ = {
			isa = XCBuildConfiguration;
			buildSettings = {
				ALWAYS_EMBED_SWIFT_STANDARD_LIBRARIES = YES;
				BUNDLE_LOADER = "$(TEST_HOST)";
				CODE_SIGN_STYLE = Automatic;
				INFOPLIST_FILE = XcodeServerTestTests/Info.plist;
				LD_RUNPATH_SEARCH_PATHS = "$(inherited) @executable_path/Frameworks @loader_path/Frameworks";
				PRODUCT_BUNDLE_IDENTIFIER = com.alfredchoi.com.XcodeServerTestTests;
				PRODUCT_NAME = "$(TARGET_NAME)";
				SWIFT_VERSION = 4.0;
				TARGETED_DEVICE_FAMILY = "1,2";
				TEST_HOST = "$(BUILT_PRODUCTS_DIR)/XcodeServerTest.app/XcodeServerTest";
			};
			name = Release;
		};
		BB401AD31FE8047B0057BB65 /* Debug */ = {
			isa = XCBuildConfiguration;
			buildSettings = {
				ALWAYS_EMBED_SWIFT_STANDARD_LIBRARIES = YES;
				CODE_SIGN_STYLE = Automatic;
				INFOPLIST_FILE = XcodeServerTestUITests/Info.plist;
				LD_RUNPATH_SEARCH_PATHS = "$(inherited) @executable_path/Frameworks @loader_path/Frameworks";
				PRODUCT_BUNDLE_IDENTIFIER = com.alfredchoi.com.XcodeServerTestUITests;
				PRODUCT_NAME = "$(TARGET_NAME)";
				SWIFT_VERSION = 4.0;
				TARGETED_DEVICE_FAMILY = "1,2";
				TEST_TARGET_NAME = XcodeServerTest;
			};
			name = Debug;
		};
		BB401AD41FE8047B0057BB65 /* Release */ = {
			isa = XCBuildConfiguration;
			buildSettings = {
				ALWAYS_EMBED_SWIFT_STANDARD_LIBRARIES = YES;
				CODE_SIGN_STYLE = Automatic;
				INFOPLIST_FILE = XcodeServerTestUITests/Info.plist;
				LD_RUNPATH_SEARCH_PATHS = "$(inherited) @executable_path/Frameworks @loader_path/Frameworks";
				PRODUCT_BUNDLE_IDENTIFIER = com.alfredchoi.com.XcodeServerTestUITests;
				PRODUCT_NAME = "$(TARGET_NAME)";
				SWIFT_VERSION = 4.0;
				TARGETED_DEVICE_FAMILY = "1,2";
				TEST_TARGET_NAME = XcodeServerTest;
			};
			name = Release;
		};
/* End XCBuildConfiguration section */

/* Begin XCConfigurationList section */
		BB401A9F1FE8047A0057BB65 /* Build configuration list for PBXProject "XcodeServerTest" */ = {
			isa = XCConfigurationList;
			buildConfigurations = (
				BB401ACA1FE8047B0057BB65 /* Debug */,
				BB401ACB1FE8047B0057BB65 /* Release */,
			);
			defaultConfigurationIsVisible = 0;
			defaultConfigurationName = Release;
		};
		BB401ACC1FE8047B0057BB65 /* Build configuration list for PBXNativeTarget "XcodeServerTest" */ = {
			isa = XCConfigurationList;
			buildConfigurations = (
				BB401ACD1FE8047B0057BB65 /* Debug */,
				BB401ACE1FE8047B0057BB65 /* Release */,
			);
			defaultConfigurationIsVisible = 0;
			defaultConfigurationName = Release;
		};
		BB401ACF1FE8047B0057BB65 /* Build configuration list for PBXNativeTarget "XcodeServerTestTests" */ = {
			isa = XCConfigurationList;
			buildConfigurations = (
				BB401AD01FE8047B0057BB65 /* Debug */,
				BB401AD11FE8047B0057BB65 /* Release */,
			);
			defaultConfigurationIsVisible = 0;
			defaultConfigurationName = Release;
		};
		BB401AD21FE8047B0057BB65 /* Build configuration list for PBXNativeTarget "XcodeServerTestUITests" */ = {
			isa = XCConfigurationList;
			buildConfigurations = (
				BB401AD31FE8047B0057BB65 /* Debug */,
				BB401AD41FE8047B0057BB65 /* Release */,
			);
			defaultConfigurationIsVisible = 0;
			defaultConfigurationName = Release;
		};
/* End XCConfigurationList section */
	};
	rootObject = BB401A9C1FE8047A0057BB65 /* Project object */;
}
